
Microsoft Visual Studio Solution File, Format Version 12.00
# Visual Studio Version 16
VisualStudioVersion = 16.0.31727.386
MinimumVisualStudioVersion = 10.0.40219.1
Project("{FAE04EC0-301F-11D3-BF4B-00C04F79EFBC}") = "HomeWork15", "HomeWork15\HomeWork15.csproj", "{91874C87-6B65-4468-948E-CE476B5313BA}"
EndProject
Global
	GlobalSection(SolutionConfigurationPlatforms) = preSolution
		Debug|Any CPU = Debug|Any CPU
		Release|Any CPU = Release|Any CPU
	EndGlobalSection
	GlobalSection(ProjectConfigurationPlatforms) = postSolution
		{91874C87-6B65-4468-948E-CE476B5313BA}.Debug|Any CPU.ActiveCfg = Debug|Any CPU
		{91874C87-6B65-4468-948E-CE476B5313BA}.Debug|Any CPU.Build.0 = Debug|Any CPU
		{91874C87-6B65-4468-948E-CE476B5313BA}.Release|Any CPU.ActiveCfg = Release|Any CPU
		{91874C87-6B65-4468-948E-CE476B5313BA}.Release|Any CPU.Build.0 = Release|Any CPU
	EndGlobalSection
	GlobalSection(SolutionProperties) = preSolution
		HideSolutionNode = FALSE
	EndGlobalSection
	GlobalSection(ExtensibilityGlobals) = postSolution
		SolutionGuid = {56379785-3D79-47A3-8C63-BF700886ACFB}
	EndGlobalSection
EndGlobal
